
Microsoft Visual Studio Solution File, Format Version 12.00
# Visual Studio Version 17
VisualStudioVersion = 17.4.33213.308
MinimumVisualStudioVersion = 10.0.40219.1
Project("{FAE04EC0-301F-11D3-BF4B-00C04F79EFBC}") = "WinFormsAppKursovaya", "WinFormsAppKursovaya\WinFormsAppKursovaya.csproj", "{16343FF0-4C43-4529-A5C5-8A871DC5F551}"
EndProject
Global
	GlobalSection(SolutionConfigurationPlatforms) = preSolution
		Debug|Any CPU = Debug|Any CPU
		Release|Any CPU = Release|Any CPU
	EndGlobalSection
	GlobalSection(ProjectConfigurationPlatforms) = postSolution
		{16343FF0-4C43-4529-A5C5-8A871DC5F551}.Debug|Any CPU.ActiveCfg = Debug|Any CPU
		{16343FF0-4C43-4529-A5C5-8A871DC5F551}.Debug|Any CPU.Build.0 = Debug|Any CPU
		{16343FF0-4C43-4529-A5C5-8A871DC5F551}.Release|Any CPU.ActiveCfg = Release|Any CPU
		{16343FF0-4C43-4529-A5C5-8A871DC5F551}.Release|Any CPU.Build.0 = Release|Any CPU
	EndGlobalSection
	GlobalSection(SolutionProperties) = preSolution
		HideSolutionNode = FALSE
	EndGlobalSection
	GlobalSection(ExtensibilityGlobals) = postSolution
		SolutionGuid = {FCDB30D5-655F-4A01-9730-A084F303D042}
	EndGlobalSection
EndGlobal
